
Microsoft Visual Studio Solution File, Format Version 12.00
# Visual Studio Version 16
VisualStudioVersion = 16.0.29905.134
MinimumVisualStudioVersion = 10.0.40219.1
Project("{9A19103F-16F7-4668-BE54-9A1E7A4F7556}") = "ApiGateway", "ApiGateway\ApiGateway.csproj", "{E8E59201-6140-44BF-8146-C89AA97318A8}"
EndProject
Project("{E53339B2-1760-4266-BCC7-CA923CBCF16C}") = "docker-compose", "docker-compose.dcproj", "{12251254-C14D-472C-954B-A38ADF875A89}"
EndProject
Project("{9A19103F-16F7-4668-BE54-9A1E7A4F7556}") = "Identity.Api", "Services\Identity\Identity.Api\Identity.Api.csproj", "{FB902B55-6765-451F-8594-B1BC71FEA552}"
EndProject
Project("{2150E333-8FDC-42A3-9474-1A3956D46DE8}") = "Identity", "Identity", "{188110EB-71AD-49F0-9708-EFA87463E6C9}"
EndProject
Project("{FAE04EC0-301F-11D3-BF4B-00C04F79EFBC}") = "Identity.EventHandler", "Services\Identity\Identity.EventHandler\Identity.EventHandler.csproj", "{8ACB62A5-B47A-48D7-9CF9-FB43895CA942}"
EndProject
Global
	GlobalSection(SolutionConfigurationPlatforms) = preSolution
		Debug|Any CPU = Debug|Any CPU
		Release|Any CPU = Release|Any CPU
	EndGlobalSection
	GlobalSection(ProjectConfigurationPlatforms) = postSolution
		{E8E59201-6140-44BF-8146-C89AA97318A8}.Debug|Any CPU.ActiveCfg = Debug|Any CPU
		{E8E59201-6140-44BF-8146-C89AA97318A8}.Debug|Any CPU.Build.0 = Debug|Any CPU
		{E8E59201-6140-44BF-8146-C89AA97318A8}.Release|Any CPU.ActiveCfg = Release|Any CPU
		{E8E59201-6140-44BF-8146-C89AA97318A8}.Release|Any CPU.Build.0 = Release|Any CPU
		{12251254-C14D-472C-954B-A38ADF875A89}.Debug|Any CPU.ActiveCfg = Debug|Any CPU
		{12251254-C14D-472C-954B-A38ADF875A89}.Debug|Any CPU.Build.0 = Debug|Any CPU
		{12251254-C14D-472C-954B-A38ADF875A89}.Release|Any CPU.ActiveCfg = Release|Any CPU
		{12251254-C14D-472C-954B-A38ADF875A89}.Release|Any CPU.Build.0 = Release|Any CPU
		{FB902B55-6765-451F-8594-B1BC71FEA552}.Debug|Any CPU.ActiveCfg = Debug|Any CPU
		{FB902B55-6765-451F-8594-B1BC71FEA552}.Debug|Any CPU.Build.0 = Debug|Any CPU
		{FB902B55-6765-451F-8594-B1BC71FEA552}.Release|Any CPU.ActiveCfg = Release|Any CPU
		{FB902B55-6765-451F-8594-B1BC71FEA552}.Release|Any CPU.Build.0 = Release|Any CPU
		{8ACB62A5-B47A-48D7-9CF9-FB43895CA942}.Debug|Any CPU.ActiveCfg = Debug|Any CPU
		{8ACB62A5-B47A-48D7-9CF9-FB43895CA942}.Debug|Any CPU.Build.0 = Debug|Any CPU
		{8ACB62A5-B47A-48D7-9CF9-FB43895CA942}.Release|Any CPU.ActiveCfg = Release|Any CPU
		{8ACB62A5-B47A-48D7-9CF9-FB43895CA942}.Release|Any CPU.Build.0 = Release|Any CPU
	EndGlobalSection
	GlobalSection(SolutionProperties) = preSolution
		HideSolutionNode = FALSE
	EndGlobalSection
	GlobalSection(NestedProjects) = preSolution
		{FB902B55-6765-451F-8594-B1BC71FEA552} = {188110EB-71AD-49F0-9708-EFA87463E6C9}
		{8ACB62A5-B47A-48D7-9CF9-FB43895CA942} = {188110EB-71AD-49F0-9708-EFA87463E6C9}
	EndGlobalSection
	GlobalSection(ExtensibilityGlobals) = postSolution
		SolutionGuid = {8012AA5F-35FB-40BC-BB2A-7A125025CEF4}
	EndGlobalSection
EndGlobal
