
Microsoft Visual Studio Solution File, Format Version 12.00
# Visual Studio Version 16
VisualStudioVersion = 16.0.29905.134
MinimumVisualStudioVersion = 10.0.40219.1
Project("{9A19103F-16F7-4668-BE54-9A1E7A4F7556}") = "ApiGateway", "ApiGateway\ApiGateway.csproj", "{E8E59201-6140-44BF-8146-C89AA97318A8}"
EndProject
Project("{9A19103F-16F7-4668-BE54-9A1E7A4F7556}") = "Identity.Api", "Services\Identity\Identity.Api\Identity.Api.csproj", "{FB902B55-6765-451F-8594-B1BC71FEA552}"
EndProject
Project("{2150E333-8FDC-42A3-9474-1A3956D46DE8}") = "Identity", "Identity", "{188110EB-71AD-49F0-9708-EFA87463E6C9}"
EndProject
Project("{2150E333-8FDC-42A3-9474-1A3956D46DE8}") = "Course", "Course", "{2C0E8CEE-F377-4AB1-B8C0-73A7B6930E94}"
EndProject
Project("{9A19103F-16F7-4668-BE54-9A1E7A4F7556}") = "Course.Api", "Services\Course\Course.Api\Course.Api.csproj", "{70E2F796-98C0-4D94-A663-2EDA68E9CBC8}"
EndProject
Project("{2150E333-8FDC-42A3-9474-1A3956D46DE8}") = "StudyProgress", "StudyProgress", "{B19C2708-85EE-4E2F-84FF-9F8B6D7F358F}"
EndProject
Project("{9A19103F-16F7-4668-BE54-9A1E7A4F7556}") = "StudyProgress.Api", "Services\StudyProgress\StudyProgress.Api\StudyProgress.Api.csproj", "{9AF076E4-57BB-4607-A0CA-919607211642}"
EndProject
Project("{2150E333-8FDC-42A3-9474-1A3956D46DE8}") = "Schedule", "Schedule", "{F7653D72-8255-482A-813D-8447640BB528}"
EndProject
Project("{9A19103F-16F7-4668-BE54-9A1E7A4F7556}") = "Schedule.Api", "Services\Schedule\Schedule.Api\Schedule.Api.csproj", "{594EDDA3-4D9D-4878-BE83-387B679205AF}"
EndProject
Project("{2150E333-8FDC-42A3-9474-1A3956D46DE8}") = "Announcement", "Announcement", "{BAE5ACB0-F931-48AF-9ABA-F06D8FBC707F}"
EndProject
Project("{9A19103F-16F7-4668-BE54-9A1E7A4F7556}") = "Announcement.Api", "Services\Announcement\Announcement.Api\Announcement.Api.csproj", "{4648BF88-9EF6-4365-A96F-CA1980E52030}"
EndProject
Project("{2150E333-8FDC-42A3-9474-1A3956D46DE8}") = "Infrastructure", "Infrastructure", "{8F3500DD-8CEC-4101-A19E-81AFD9792CAB}"
EndProject
Project("{2150E333-8FDC-42A3-9474-1A3956D46DE8}") = "Services", "Services", "{791B794C-CD79-4D20-8886-B54F890562FA}"
EndProject
Project("{9A19103F-16F7-4668-BE54-9A1E7A4F7556}") = "Identity.UnitTests", "Services\Identity\Identity.UnitTests\Identity.UnitTests.csproj", "{8FA67842-B111-45B8-9C6E-292471219C36}"
EndProject
Project("{9A19103F-16F7-4668-BE54-9A1E7A4F7556}") = "Announcement.UnitTests", "Services\Announcement\Announcement.UnitTests\Announcement.UnitTests.csproj", "{C7A153BD-38DB-401A-8CC6-F1C059CDCEDC}"
EndProject
Project("{9A19103F-16F7-4668-BE54-9A1E7A4F7556}") = "Course.UnitTests", "Services\Course\Course.UnitTests\Course.UnitTests.csproj", "{DA8C480C-F5E9-4222-94ED-C50413C98558}"
EndProject
Project("{9A19103F-16F7-4668-BE54-9A1E7A4F7556}") = "Schedule.UnitTests", "Services\Schedule\Schedule.UnitTests\Schedule.UnitTests.csproj", "{DD7788B3-FFCF-4973-AAAB-63F902C54966}"
EndProject
Project("{9A19103F-16F7-4668-BE54-9A1E7A4F7556}") = "StudyProgress.UnitTests", "Services\StudyProgress\StudyProgress.UnitTests\StudyProgress.UnitTests.csproj", "{C6D9A125-4D51-4EB2-8B0F-F57583452F88}"
EndProject
Project("{9A19103F-16F7-4668-BE54-9A1E7A4F7556}") = "Infrastructure.Common", "Infrastructure\Infrastructure.Common\Infrastructure.Common.csproj", "{328A0E10-7D65-4935-95C4-D94EA965F49A}"
EndProject
Project("{9A19103F-16F7-4668-BE54-9A1E7A4F7556}") = "Announcement.EventHandler", "Services\Announcement\Announcement.EventHandler\Announcement.EventHandler.csproj", "{DFFBBC85-C448-48C8-8617-30D0F37C27A0}"
	ProjectSection(ProjectDependencies) = postProject
		{328A0E10-7D65-4935-95C4-D94EA965F49A} = {328A0E10-7D65-4935-95C4-D94EA965F49A}
	EndProjectSection
EndProject
Project("{9A19103F-16F7-4668-BE54-9A1E7A4F7556}") = "Course.EventHandler", "Services\Course\Course.EventHandler\Course.EventHandler.csproj", "{7C257FA7-AA57-428A-AC61-5E3BDC94EE4D}"
	ProjectSection(ProjectDependencies) = postProject
		{328A0E10-7D65-4935-95C4-D94EA965F49A} = {328A0E10-7D65-4935-95C4-D94EA965F49A}
	EndProjectSection
EndProject
Project("{9A19103F-16F7-4668-BE54-9A1E7A4F7556}") = "Identity.EventHandler", "Services\Identity\Identity.EventHandler\Identity.EventHandler.csproj", "{5260313A-A082-4BC8-B63C-DDA879A4880F}"
	ProjectSection(ProjectDependencies) = postProject
		{328A0E10-7D65-4935-95C4-D94EA965F49A} = {328A0E10-7D65-4935-95C4-D94EA965F49A}
	EndProjectSection
EndProject
Project("{9A19103F-16F7-4668-BE54-9A1E7A4F7556}") = "Schedule.EventHandler", "Services\Schedule\Schedule.EventHandler\Schedule.EventHandler.csproj", "{00F302F1-3952-446B-B06D-E60562007291}"
	ProjectSection(ProjectDependencies) = postProject
		{328A0E10-7D65-4935-95C4-D94EA965F49A} = {328A0E10-7D65-4935-95C4-D94EA965F49A}
	EndProjectSection
EndProject
Project("{9A19103F-16F7-4668-BE54-9A1E7A4F7556}") = "StudyProgress.EventHandler", "Services\StudyProgress\StudyProgress.EventHandler\StudyProgress.EventHandler.csproj", "{A9EEA1A6-464A-4EAF-BA60-C0DEC1E64FCA}"
	ProjectSection(ProjectDependencies) = postProject
		{328A0E10-7D65-4935-95C4-D94EA965F49A} = {328A0E10-7D65-4935-95C4-D94EA965F49A}
	EndProjectSection
EndProject
Project("{9A19103F-16F7-4668-BE54-9A1E7A4F7556}") = "Announcement.Common", "Services\Announcement\Announcement.Common\Announcement.Common.csproj", "{E7206AE5-6662-43F8-B39E-DCE257ECB66E}"
EndProject
Project("{9A19103F-16F7-4668-BE54-9A1E7A4F7556}") = "Course.Common", "Services\Course\Course.Common\Course.Common.csproj", "{060ADF88-B37E-4F02-9C18-E723C81F8A47}"
EndProject
Project("{9A19103F-16F7-4668-BE54-9A1E7A4F7556}") = "Identity.Common", "Services\Identity\Identity.Common\Identity.Common.csproj", "{D41C1954-68FD-4A54-8D92-A2C044A1C9B3}"
EndProject
Project("{9A19103F-16F7-4668-BE54-9A1E7A4F7556}") = "Schedule.Common", "Services\Schedule\Schedule.Common\Schedule.Common.csproj", "{A76F3558-8E61-47EF-8FB2-2B8FB9E153EB}"
EndProject
Project("{9A19103F-16F7-4668-BE54-9A1E7A4F7556}") = "StudyProgress.Common", "Services\StudyProgress\StudyProgress.Common\StudyProgress.Common.csproj", "{FA2C8B7E-34BE-4A00-B0C9-AAE89F3D4829}"
EndProject
Project("{E53339B2-1760-4266-BCC7-CA923CBCF16C}") = "docker-compose", "docker-compose.dcproj", "{9D95D614-6FCF-4AA4-81FF-09DCB51242EA}"
EndProject
Global
	GlobalSection(SolutionConfigurationPlatforms) = preSolution
		Debug|Any CPU = Debug|Any CPU
		Release|Any CPU = Release|Any CPU
	EndGlobalSection
	GlobalSection(ProjectConfigurationPlatforms) = postSolution
		{E8E59201-6140-44BF-8146-C89AA97318A8}.Debug|Any CPU.ActiveCfg = Debug|Any CPU
		{E8E59201-6140-44BF-8146-C89AA97318A8}.Debug|Any CPU.Build.0 = Debug|Any CPU
		{E8E59201-6140-44BF-8146-C89AA97318A8}.Release|Any CPU.ActiveCfg = Release|Any CPU
		{E8E59201-6140-44BF-8146-C89AA97318A8}.Release|Any CPU.Build.0 = Release|Any CPU
		{FB902B55-6765-451F-8594-B1BC71FEA552}.Debug|Any CPU.ActiveCfg = Debug|Any CPU
		{FB902B55-6765-451F-8594-B1BC71FEA552}.Debug|Any CPU.Build.0 = Debug|Any CPU
		{FB902B55-6765-451F-8594-B1BC71FEA552}.Release|Any CPU.ActiveCfg = Release|Any CPU
		{FB902B55-6765-451F-8594-B1BC71FEA552}.Release|Any CPU.Build.0 = Release|Any CPU
		{70E2F796-98C0-4D94-A663-2EDA68E9CBC8}.Debug|Any CPU.ActiveCfg = Debug|Any CPU
		{70E2F796-98C0-4D94-A663-2EDA68E9CBC8}.Debug|Any CPU.Build.0 = Debug|Any CPU
		{70E2F796-98C0-4D94-A663-2EDA68E9CBC8}.Release|Any CPU.ActiveCfg = Release|Any CPU
		{70E2F796-98C0-4D94-A663-2EDA68E9CBC8}.Release|Any CPU.Build.0 = Release|Any CPU
		{9AF076E4-57BB-4607-A0CA-919607211642}.Debug|Any CPU.ActiveCfg = Debug|Any CPU
		{9AF076E4-57BB-4607-A0CA-919607211642}.Debug|Any CPU.Build.0 = Debug|Any CPU
		{9AF076E4-57BB-4607-A0CA-919607211642}.Release|Any CPU.ActiveCfg = Release|Any CPU
		{9AF076E4-57BB-4607-A0CA-919607211642}.Release|Any CPU.Build.0 = Release|Any CPU
		{594EDDA3-4D9D-4878-BE83-387B679205AF}.Debug|Any CPU.ActiveCfg = Debug|Any CPU
		{594EDDA3-4D9D-4878-BE83-387B679205AF}.Debug|Any CPU.Build.0 = Debug|Any CPU
		{594EDDA3-4D9D-4878-BE83-387B679205AF}.Release|Any CPU.ActiveCfg = Release|Any CPU
		{594EDDA3-4D9D-4878-BE83-387B679205AF}.Release|Any CPU.Build.0 = Release|Any CPU
		{4648BF88-9EF6-4365-A96F-CA1980E52030}.Debug|Any CPU.ActiveCfg = Debug|Any CPU
		{4648BF88-9EF6-4365-A96F-CA1980E52030}.Debug|Any CPU.Build.0 = Debug|Any CPU
		{4648BF88-9EF6-4365-A96F-CA1980E52030}.Release|Any CPU.ActiveCfg = Release|Any CPU
		{4648BF88-9EF6-4365-A96F-CA1980E52030}.Release|Any CPU.Build.0 = Release|Any CPU
		{8FA67842-B111-45B8-9C6E-292471219C36}.Debug|Any CPU.ActiveCfg = Debug|Any CPU
		{8FA67842-B111-45B8-9C6E-292471219C36}.Debug|Any CPU.Build.0 = Debug|Any CPU
		{8FA67842-B111-45B8-9C6E-292471219C36}.Release|Any CPU.ActiveCfg = Release|Any CPU
		{8FA67842-B111-45B8-9C6E-292471219C36}.Release|Any CPU.Build.0 = Release|Any CPU
		{C7A153BD-38DB-401A-8CC6-F1C059CDCEDC}.Debug|Any CPU.ActiveCfg = Debug|Any CPU
		{C7A153BD-38DB-401A-8CC6-F1C059CDCEDC}.Debug|Any CPU.Build.0 = Debug|Any CPU
		{C7A153BD-38DB-401A-8CC6-F1C059CDCEDC}.Release|Any CPU.ActiveCfg = Release|Any CPU
		{C7A153BD-38DB-401A-8CC6-F1C059CDCEDC}.Release|Any CPU.Build.0 = Release|Any CPU
		{DA8C480C-F5E9-4222-94ED-C50413C98558}.Debug|Any CPU.ActiveCfg = Debug|Any CPU
		{DA8C480C-F5E9-4222-94ED-C50413C98558}.Debug|Any CPU.Build.0 = Debug|Any CPU
		{DA8C480C-F5E9-4222-94ED-C50413C98558}.Release|Any CPU.ActiveCfg = Release|Any CPU
		{DA8C480C-F5E9-4222-94ED-C50413C98558}.Release|Any CPU.Build.0 = Release|Any CPU
		{DD7788B3-FFCF-4973-AAAB-63F902C54966}.Debug|Any CPU.ActiveCfg = Debug|Any CPU
		{DD7788B3-FFCF-4973-AAAB-63F902C54966}.Debug|Any CPU.Build.0 = Debug|Any CPU
		{DD7788B3-FFCF-4973-AAAB-63F902C54966}.Release|Any CPU.ActiveCfg = Release|Any CPU
		{DD7788B3-FFCF-4973-AAAB-63F902C54966}.Release|Any CPU.Build.0 = Release|Any CPU
		{C6D9A125-4D51-4EB2-8B0F-F57583452F88}.Debug|Any CPU.ActiveCfg = Debug|Any CPU
		{C6D9A125-4D51-4EB2-8B0F-F57583452F88}.Debug|Any CPU.Build.0 = Debug|Any CPU
		{C6D9A125-4D51-4EB2-8B0F-F57583452F88}.Release|Any CPU.ActiveCfg = Release|Any CPU
		{C6D9A125-4D51-4EB2-8B0F-F57583452F88}.Release|Any CPU.Build.0 = Release|Any CPU
		{328A0E10-7D65-4935-95C4-D94EA965F49A}.Debug|Any CPU.ActiveCfg = Debug|Any CPU
		{328A0E10-7D65-4935-95C4-D94EA965F49A}.Debug|Any CPU.Build.0 = Debug|Any CPU
		{328A0E10-7D65-4935-95C4-D94EA965F49A}.Release|Any CPU.ActiveCfg = Release|Any CPU
		{328A0E10-7D65-4935-95C4-D94EA965F49A}.Release|Any CPU.Build.0 = Release|Any CPU
		{DFFBBC85-C448-48C8-8617-30D0F37C27A0}.Debug|Any CPU.ActiveCfg = Debug|Any CPU
		{DFFBBC85-C448-48C8-8617-30D0F37C27A0}.Debug|Any CPU.Build.0 = Debug|Any CPU
		{DFFBBC85-C448-48C8-8617-30D0F37C27A0}.Release|Any CPU.ActiveCfg = Release|Any CPU
		{DFFBBC85-C448-48C8-8617-30D0F37C27A0}.Release|Any CPU.Build.0 = Release|Any CPU
		{7C257FA7-AA57-428A-AC61-5E3BDC94EE4D}.Debug|Any CPU.ActiveCfg = Debug|Any CPU
		{7C257FA7-AA57-428A-AC61-5E3BDC94EE4D}.Debug|Any CPU.Build.0 = Debug|Any CPU
		{7C257FA7-AA57-428A-AC61-5E3BDC94EE4D}.Release|Any CPU.ActiveCfg = Release|Any CPU
		{7C257FA7-AA57-428A-AC61-5E3BDC94EE4D}.Release|Any CPU.Build.0 = Release|Any CPU
		{5260313A-A082-4BC8-B63C-DDA879A4880F}.Debug|Any CPU.ActiveCfg = Debug|Any CPU
		{5260313A-A082-4BC8-B63C-DDA879A4880F}.Debug|Any CPU.Build.0 = Debug|Any CPU
		{5260313A-A082-4BC8-B63C-DDA879A4880F}.Release|Any CPU.ActiveCfg = Release|Any CPU
		{5260313A-A082-4BC8-B63C-DDA879A4880F}.Release|Any CPU.Build.0 = Release|Any CPU
		{00F302F1-3952-446B-B06D-E60562007291}.Debug|Any CPU.ActiveCfg = Debug|Any CPU
		{00F302F1-3952-446B-B06D-E60562007291}.Debug|Any CPU.Build.0 = Debug|Any CPU
		{00F302F1-3952-446B-B06D-E60562007291}.Release|Any CPU.ActiveCfg = Release|Any CPU
		{00F302F1-3952-446B-B06D-E60562007291}.Release|Any CPU.Build.0 = Release|Any CPU
		{A9EEA1A6-464A-4EAF-BA60-C0DEC1E64FCA}.Debug|Any CPU.ActiveCfg = Debug|Any CPU
		{A9EEA1A6-464A-4EAF-BA60-C0DEC1E64FCA}.Debug|Any CPU.Build.0 = Debug|Any CPU
		{A9EEA1A6-464A-4EAF-BA60-C0DEC1E64FCA}.Release|Any CPU.ActiveCfg = Release|Any CPU
		{A9EEA1A6-464A-4EAF-BA60-C0DEC1E64FCA}.Release|Any CPU.Build.0 = Release|Any CPU
		{E7206AE5-6662-43F8-B39E-DCE257ECB66E}.Debug|Any CPU.ActiveCfg = Debug|Any CPU
		{E7206AE5-6662-43F8-B39E-DCE257ECB66E}.Debug|Any CPU.Build.0 = Debug|Any CPU
		{E7206AE5-6662-43F8-B39E-DCE257ECB66E}.Release|Any CPU.ActiveCfg = Release|Any CPU
		{E7206AE5-6662-43F8-B39E-DCE257ECB66E}.Release|Any CPU.Build.0 = Release|Any CPU
		{060ADF88-B37E-4F02-9C18-E723C81F8A47}.Debug|Any CPU.ActiveCfg = Debug|Any CPU
		{060ADF88-B37E-4F02-9C18-E723C81F8A47}.Debug|Any CPU.Build.0 = Debug|Any CPU
		{060ADF88-B37E-4F02-9C18-E723C81F8A47}.Release|Any CPU.ActiveCfg = Release|Any CPU
		{060ADF88-B37E-4F02-9C18-E723C81F8A47}.Release|Any CPU.Build.0 = Release|Any CPU
		{D41C1954-68FD-4A54-8D92-A2C044A1C9B3}.Debug|Any CPU.ActiveCfg = Debug|Any CPU
		{D41C1954-68FD-4A54-8D92-A2C044A1C9B3}.Debug|Any CPU.Build.0 = Debug|Any CPU
		{D41C1954-68FD-4A54-8D92-A2C044A1C9B3}.Release|Any CPU.ActiveCfg = Release|Any CPU
		{D41C1954-68FD-4A54-8D92-A2C044A1C9B3}.Release|Any CPU.Build.0 = Release|Any CPU
		{A76F3558-8E61-47EF-8FB2-2B8FB9E153EB}.Debug|Any CPU.ActiveCfg = Debug|Any CPU
		{A76F3558-8E61-47EF-8FB2-2B8FB9E153EB}.Debug|Any CPU.Build.0 = Debug|Any CPU
		{A76F3558-8E61-47EF-8FB2-2B8FB9E153EB}.Release|Any CPU.ActiveCfg = Release|Any CPU
		{A76F3558-8E61-47EF-8FB2-2B8FB9E153EB}.Release|Any CPU.Build.0 = Release|Any CPU
		{FA2C8B7E-34BE-4A00-B0C9-AAE89F3D4829}.Debug|Any CPU.ActiveCfg = Debug|Any CPU
		{FA2C8B7E-34BE-4A00-B0C9-AAE89F3D4829}.Debug|Any CPU.Build.0 = Debug|Any CPU
		{FA2C8B7E-34BE-4A00-B0C9-AAE89F3D4829}.Release|Any CPU.ActiveCfg = Release|Any CPU
		{FA2C8B7E-34BE-4A00-B0C9-AAE89F3D4829}.Release|Any CPU.Build.0 = Release|Any CPU
		{9D95D614-6FCF-4AA4-81FF-09DCB51242EA}.Debug|Any CPU.ActiveCfg = Debug|Any CPU
		{9D95D614-6FCF-4AA4-81FF-09DCB51242EA}.Debug|Any CPU.Build.0 = Debug|Any CPU
		{9D95D614-6FCF-4AA4-81FF-09DCB51242EA}.Release|Any CPU.ActiveCfg = Release|Any CPU
		{9D95D614-6FCF-4AA4-81FF-09DCB51242EA}.Release|Any CPU.Build.0 = Release|Any CPU
	EndGlobalSection
	GlobalSection(SolutionProperties) = preSolution
		HideSolutionNode = FALSE
	EndGlobalSection
	GlobalSection(NestedProjects) = preSolution
		{FB902B55-6765-451F-8594-B1BC71FEA552} = {188110EB-71AD-49F0-9708-EFA87463E6C9}
		{188110EB-71AD-49F0-9708-EFA87463E6C9} = {791B794C-CD79-4D20-8886-B54F890562FA}
		{2C0E8CEE-F377-4AB1-B8C0-73A7B6930E94} = {791B794C-CD79-4D20-8886-B54F890562FA}
		{70E2F796-98C0-4D94-A663-2EDA68E9CBC8} = {2C0E8CEE-F377-4AB1-B8C0-73A7B6930E94}
		{B19C2708-85EE-4E2F-84FF-9F8B6D7F358F} = {791B794C-CD79-4D20-8886-B54F890562FA}
		{9AF076E4-57BB-4607-A0CA-919607211642} = {B19C2708-85EE-4E2F-84FF-9F8B6D7F358F}
		{F7653D72-8255-482A-813D-8447640BB528} = {791B794C-CD79-4D20-8886-B54F890562FA}
		{594EDDA3-4D9D-4878-BE83-387B679205AF} = {F7653D72-8255-482A-813D-8447640BB528}
		{BAE5ACB0-F931-48AF-9ABA-F06D8FBC707F} = {791B794C-CD79-4D20-8886-B54F890562FA}
		{4648BF88-9EF6-4365-A96F-CA1980E52030} = {BAE5ACB0-F931-48AF-9ABA-F06D8FBC707F}
		{8FA67842-B111-45B8-9C6E-292471219C36} = {188110EB-71AD-49F0-9708-EFA87463E6C9}
		{C7A153BD-38DB-401A-8CC6-F1C059CDCEDC} = {BAE5ACB0-F931-48AF-9ABA-F06D8FBC707F}
		{DA8C480C-F5E9-4222-94ED-C50413C98558} = {2C0E8CEE-F377-4AB1-B8C0-73A7B6930E94}
		{DD7788B3-FFCF-4973-AAAB-63F902C54966} = {F7653D72-8255-482A-813D-8447640BB528}
		{C6D9A125-4D51-4EB2-8B0F-F57583452F88} = {B19C2708-85EE-4E2F-84FF-9F8B6D7F358F}
		{328A0E10-7D65-4935-95C4-D94EA965F49A} = {8F3500DD-8CEC-4101-A19E-81AFD9792CAB}
		{DFFBBC85-C448-48C8-8617-30D0F37C27A0} = {BAE5ACB0-F931-48AF-9ABA-F06D8FBC707F}
		{7C257FA7-AA57-428A-AC61-5E3BDC94EE4D} = {2C0E8CEE-F377-4AB1-B8C0-73A7B6930E94}
		{5260313A-A082-4BC8-B63C-DDA879A4880F} = {188110EB-71AD-49F0-9708-EFA87463E6C9}
		{00F302F1-3952-446B-B06D-E60562007291} = {F7653D72-8255-482A-813D-8447640BB528}
		{A9EEA1A6-464A-4EAF-BA60-C0DEC1E64FCA} = {B19C2708-85EE-4E2F-84FF-9F8B6D7F358F}
		{E7206AE5-6662-43F8-B39E-DCE257ECB66E} = {BAE5ACB0-F931-48AF-9ABA-F06D8FBC707F}
		{060ADF88-B37E-4F02-9C18-E723C81F8A47} = {2C0E8CEE-F377-4AB1-B8C0-73A7B6930E94}
		{D41C1954-68FD-4A54-8D92-A2C044A1C9B3} = {188110EB-71AD-49F0-9708-EFA87463E6C9}
		{A76F3558-8E61-47EF-8FB2-2B8FB9E153EB} = {F7653D72-8255-482A-813D-8447640BB528}
		{FA2C8B7E-34BE-4A00-B0C9-AAE89F3D4829} = {B19C2708-85EE-4E2F-84FF-9F8B6D7F358F}
	EndGlobalSection
	GlobalSection(ExtensibilityGlobals) = postSolution
		SolutionGuid = {8012AA5F-35FB-40BC-BB2A-7A125025CEF4}
	EndGlobalSection
EndGlobal
